
Microsoft Visual Studio Solution File, Format Version 12.00
# Visual Studio Version 16
VisualStudioVersion = 16.0.29306.81
MinimumVisualStudioVersion = 10.0.40219.1
Project("{FAE04EC0-301F-11D3-BF4B-00C04F79EFBC}") = "AddTranslationVsix", "src\AddTranslationVsix\AddTranslationVsix.csproj", "{55EC2353-8EF9-439F-9242-6934C932A754}"
EndProject
Project("{FAE04EC0-301F-11D3-BF4B-00C04F79EFBC}") = "AddTranslationTestApplication", "src\AddTranslationTestApplication\AddTranslationTestApplication.csproj", "{7593558A-54C9-4E24-B9A3-D55964336BD2}"
EndProject
Project("{FAE04EC0-301F-11D3-BF4B-00C04F79EFBC}") = "AddTranslationCore", "src\AddTranslationCore\AddTranslationCore.csproj", "{700C7082-4927-4CC2-A653-47E2F6392961}"
EndProject
Global
	GlobalSection(SolutionConfigurationPlatforms) = preSolution
		Debug|Any CPU = Debug|Any CPU
		Release|Any CPU = Release|Any CPU
	EndGlobalSection
	GlobalSection(ProjectConfigurationPlatforms) = postSolution
		{55EC2353-8EF9-439F-9242-6934C932A754}.Debug|Any CPU.ActiveCfg = Debug|Any CPU
		{55EC2353-8EF9-439F-9242-6934C932A754}.Debug|Any CPU.Build.0 = Debug|Any CPU
		{55EC2353-8EF9-439F-9242-6934C932A754}.Release|Any CPU.ActiveCfg = Release|Any CPU
		{55EC2353-8EF9-439F-9242-6934C932A754}.Release|Any CPU.Build.0 = Release|Any CPU
		{7593558A-54C9-4E24-B9A3-D55964336BD2}.Debug|Any CPU.ActiveCfg = Debug|Any CPU
		{7593558A-54C9-4E24-B9A3-D55964336BD2}.Debug|Any CPU.Build.0 = Debug|Any CPU
		{7593558A-54C9-4E24-B9A3-D55964336BD2}.Release|Any CPU.ActiveCfg = Release|Any CPU
		{7593558A-54C9-4E24-B9A3-D55964336BD2}.Release|Any CPU.Build.0 = Release|Any CPU
		{700C7082-4927-4CC2-A653-47E2F6392961}.Debug|Any CPU.ActiveCfg = Debug|Any CPU
		{700C7082-4927-4CC2-A653-47E2F6392961}.Debug|Any CPU.Build.0 = Debug|Any CPU
		{700C7082-4927-4CC2-A653-47E2F6392961}.Release|Any CPU.ActiveCfg = Release|Any CPU
		{700C7082-4927-4CC2-A653-47E2F6392961}.Release|Any CPU.Build.0 = Release|Any CPU
	EndGlobalSection
	GlobalSection(SolutionProperties) = preSolution
		HideSolutionNode = FALSE
	EndGlobalSection
	GlobalSection(ExtensibilityGlobals) = postSolution
		SolutionGuid = {4D27CDBF-8CA9-4010-A29C-7B04562F8140}
	EndGlobalSection
EndGlobal
